
Microsoft Visual Studio Solution File, Format Version 12.00
# Visual Studio Version 16
VisualStudioVersion = 16.0.30804.86
MinimumVisualStudioVersion = 10.0.40219.1
Project("{FAE04EC0-301F-11D3-BF4B-00C04F79EFBC}") = "SolidConcepts", "SolidConcepts\SolidConcepts.csproj", "{5708E413-1066-4098-B2B1-C6A01243DF4B}"
EndProject
Project("{FAE04EC0-301F-11D3-BF4B-00C04F79EFBC}") = "XUnitTestSolidConcepts", "XUnitTestSolidConcepts\XUnitTestSolidConcepts.csproj", "{1A802DC1-41F8-4B15-B4EF-BD8430F98511}"
EndProject
Global
	GlobalSection(SolutionConfigurationPlatforms) = preSolution
		Debug|Any CPU = Debug|Any CPU
		Release|Any CPU = Release|Any CPU
	EndGlobalSection
	GlobalSection(ProjectConfigurationPlatforms) = postSolution
		{5708E413-1066-4098-B2B1-C6A01243DF4B}.Debug|Any CPU.ActiveCfg = Debug|Any CPU
		{5708E413-1066-4098-B2B1-C6A01243DF4B}.Debug|Any CPU.Build.0 = Debug|Any CPU
		{5708E413-1066-4098-B2B1-C6A01243DF4B}.Release|Any CPU.ActiveCfg = Release|Any CPU
		{5708E413-1066-4098-B2B1-C6A01243DF4B}.Release|Any CPU.Build.0 = Release|Any CPU
		{1A802DC1-41F8-4B15-B4EF-BD8430F98511}.Debug|Any CPU.ActiveCfg = Debug|Any CPU
		{1A802DC1-41F8-4B15-B4EF-BD8430F98511}.Debug|Any CPU.Build.0 = Debug|Any CPU
		{1A802DC1-41F8-4B15-B4EF-BD8430F98511}.Release|Any CPU.ActiveCfg = Release|Any CPU
		{1A802DC1-41F8-4B15-B4EF-BD8430F98511}.Release|Any CPU.Build.0 = Release|Any CPU
	EndGlobalSection
	GlobalSection(SolutionProperties) = preSolution
		HideSolutionNode = FALSE
	EndGlobalSection
	GlobalSection(ExtensibilityGlobals) = postSolution
		SolutionGuid = {9155B12A-ECBB-4922-9714-BAF7214A28A9}
	EndGlobalSection
EndGlobal
